// !$*UTF8*$!
{
	archiveVersion = 1;
	classes = {
	};
	objectVersion = 46;
	objects = {

/* Begin PBXBuildFile section */
		7D003DF61CC4001F0028E7BA /* about-icon.png in Resources */ = {isa = PBXBuildFile; fileRef = 7D003DF01CC4001F0028E7BA /* about-icon.png */; };
		7D003DF71CC4001F0028E7BA /* about-icon@2x.png in Resources */ = {isa = PBXBuildFile; fileRef = 7D003DF11CC4001F0028E7BA /* about-icon@2x.png */; };
		7D003DF81CC4001F0028E7BA /* about-icon@3x.png in Resources */ = {isa = PBXBuildFile; fileRef = 7D003DF21CC4001F0028E7BA /* about-icon@3x.png */; };
		7D003DF91CC4001F0028E7BA /* settings-icon.png in Resources */ = {isa = PBXBuildFile; fileRef = 7D003DF31CC4001F0028E7BA /* settings-icon.png */; };
		7D003DFA1CC4001F0028E7BA /* settings-icon@2x.png in Resources */ = {isa = PBXBuildFile; fileRef = 7D003DF41CC4001F0028E7BA /* settings-icon@2x.png */; };
		7D003DFB1CC4001F0028E7BA /* settings-icon@3x.png in Resources */ = {isa = PBXBuildFile; fileRef = 7D003DF51CC4001F0028E7BA /* settings-icon@3x.png */; };
		7D003DFD1CC419F10028E7BA /* bio-photo.jpg in Resources */ = {isa = PBXBuildFile; fileRef = 7D003DFC1CC419F10028E7BA /* bio-photo.jpg */; };
		7D003E001CC41BC90028E7BA /* Utility.m in Sources */ = {isa = PBXBuildFile; fileRef = 7D003DFF1CC41BC90028E7BA /* Utility.m */; };
		7D003E051CC4341F0028E7BA /* SettingsModel.m in Sources */ = {isa = PBXBuildFile; fileRef = 7D003E041CC4341F0028E7BA /* SettingsModel.m */; };
		7D003E081CC434520028E7BA /* UserDefaultBaseModel.m in Sources */ = {isa = PBXBuildFile; fileRef = 7D003E071CC434520028E7BA /* UserDefaultBaseModel.m */; };
		7D3203401CBFFEF900B3E391 /* main.m in Sources */ = {isa = PBXBuildFile; fileRef = 7D32033F1CBFFEF900B3E391 /* main.m */; };
		7D3203431CBFFEF900B3E391 /* AppDelegate.m in Sources */ = {isa = PBXBuildFile; fileRef = 7D3203421CBFFEF900B3E391 /* AppDelegate.m */; };
		7D3203461CBFFEF900B3E391 /* HomeViewController.m in Sources */ = {isa = PBXBuildFile; fileRef = 7D3203451CBFFEF900B3E391 /* HomeViewController.m */; };
		7D3203491CBFFEF900B3E391 /* Main.storyboard in Resources */ = {isa = PBXBuildFile; fileRef = 7D3203471CBFFEF900B3E391 /* Main.storyboard */; };
		7D32034B1CBFFEF900B3E391 /* Assets.xcassets in Resources */ = {isa = PBXBuildFile; fileRef = 7D32034A1CBFFEF900B3E391 /* Assets.xcassets */; };
		7D32034E1CBFFEF900B3E391 /* LaunchScreen.storyboard in Resources */ = {isa = PBXBuildFile; fileRef = 7D32034C1CBFFEF900B3E391 /* LaunchScreen.storyboard */; };
		7D3203591CBFFEF900B3E391 /* PicBoxTests.m in Sources */ = {isa = PBXBuildFile; fileRef = 7D3203581CBFFEF900B3E391 /* PicBoxTests.m */; };
		7D3203641CBFFEF900B3E391 /* PicBoxUITests.m in Sources */ = {isa = PBXBuildFile; fileRef = 7D3203631CBFFEF900B3E391 /* PicBoxUITests.m */; };
		7D3203741CC0182000B3E391 /* Constants.m in Sources */ = {isa = PBXBuildFile; fileRef = 7D3203731CC0182000B3E391 /* Constants.m */; };
		7D3B8C771CC249F0007EA5C5 /* AppTheme.m in Sources */ = {isa = PBXBuildFile; fileRef = 7D3B8C721CC249F0007EA5C5 /* AppTheme.m */; };
		7D3B8C781CC249F0007EA5C5 /* UIColor+Theme.m in Sources */ = {isa = PBXBuildFile; fileRef = 7D3B8C741CC249F0007EA5C5 /* UIColor+Theme.m */; };
		7D3B8C791CC249F0007EA5C5 /* UIFont+Theme.m in Sources */ = {isa = PBXBuildFile; fileRef = 7D3B8C761CC249F0007EA5C5 /* UIFont+Theme.m */; };
		7D3B8C861CC28588007EA5C5 /* SettingsTableViewController.m in Sources */ = {isa = PBXBuildFile; fileRef = 7D3B8C851CC28588007EA5C5 /* SettingsTableViewController.m */; };
		7D3B8C891CC28598007EA5C5 /* AboutTableViewController.m in Sources */ = {isa = PBXBuildFile; fileRef = 7D3B8C881CC28598007EA5C5 /* AboutTableViewController.m */; };
		7D3B8C8C1CC2C98E007EA5C5 /* gallery_icon.png in Resources */ = {isa = PBXBuildFile; fileRef = 7D3B8C8B1CC2C98E007EA5C5 /* gallery_icon.png */; };
		7D3B8C901CC2D308007EA5C5 /* PicBoxCaptionView.m in Sources */ = {isa = PBXBuildFile; fileRef = 7D3B8C8F1CC2D308007EA5C5 /* PicBoxCaptionView.m */; };
		7D3B8C931CC2D369007EA5C5 /* PicBoxImage.m in Sources */ = {isa = PBXBuildFile; fileRef = 7D3B8C921CC2D369007EA5C5 /* PicBoxImage.m */; };
		7D3B8C961CC2D394007EA5C5 /* PicBoxImageBrowser.m in Sources */ = {isa = PBXBuildFile; fileRef = 7D3B8C951CC2D394007EA5C5 /* PicBoxImageBrowser.m */; };
		7D3B8C9A1CC2D41C007EA5C5 /* PicBoxTapDetectingImageView.m in Sources */ = {isa = PBXBuildFile; fileRef = 7D3B8C991CC2D41C007EA5C5 /* PicBoxTapDetectingImageView.m */; };
		7D3B8C9D1CC2D446007EA5C5 /* PicBoxTapDetectingView.m in Sources */ = {isa = PBXBuildFile; fileRef = 7D3B8C9C1CC2D446007EA5C5 /* PicBoxTapDetectingView.m */; };
		7D3B8CA01CC2D822007EA5C5 /* PicBoxZoomingScrollView.m in Sources */ = {isa = PBXBuildFile; fileRef = 7D3B8C9F1CC2D822007EA5C5 /* PicBoxZoomingScrollView.m */; };
		7D3B8CA51CC2F059007EA5C5 /* PicBoxImageBrowser_arrowLeft.png in Resources */ = {isa = PBXBuildFile; fileRef = 7D3B8CA11CC2F059007EA5C5 /* PicBoxImageBrowser_arrowLeft.png */; };
		7D3B8CA61CC2F059007EA5C5 /* PicBoxImageBrowser_arrowLeft@2x.png in Resources */ = {isa = PBXBuildFile; fileRef = 7D3B8CA21CC2F059007EA5C5 /* PicBoxImageBrowser_arrowLeft@2x.png */; };
		7D3B8CA71CC2F059007EA5C5 /* PicBoxImageBrowser_arrowRight.png in Resources */ = {isa = PBXBuildFile; fileRef = 7D3B8CA31CC2F059007EA5C5 /* PicBoxImageBrowser_arrowRight.png */; };
		7D3B8CA81CC2F059007EA5C5 /* PicBoxImageBrowser_arrowRight@2x.png in Resources */ = {isa = PBXBuildFile; fileRef = 7D3B8CA41CC2F059007EA5C5 /* PicBoxImageBrowser_arrowRight@2x.png */; };
		7D4070241CC671E300E55202 /* iTunesArtwork in Resources */ = {isa = PBXBuildFile; fileRef = 7D4070221CC671E300E55202 /* iTunesArtwork */; };
		7D4070251CC671E300E55202 /* iTunesArtwork@2x in Resources */ = {isa = PBXBuildFile; fileRef = 7D4070231CC671E300E55202 /* iTunesArtwork@2x */; };
		7D4070271CC67A9F00E55202 /* LaunchScreen.JPG in Resources */ = {isa = PBXBuildFile; fileRef = 7D4070261CC67A9F00E55202 /* LaunchScreen.JPG */; };
		7D40704B1CC6A03600E55202 /* SettingsModel.m in Sources */ = {isa = PBXBuildFile; fileRef = 7D003E041CC4341F0028E7BA /* SettingsModel.m */; };
		7D40704C1CC6A06200E55202 /* Constants.m in Sources */ = {isa = PBXBuildFile; fileRef = 7D3203731CC0182000B3E391 /* Constants.m */; };
		7D40704D1CC6A07500E55202 /* UserDefaultBaseModel.m in Sources */ = {isa = PBXBuildFile; fileRef = 7D003E071CC434520028E7BA /* UserDefaultBaseModel.m */; };
		A8F5DCBFB31B7712B52EEA22 /* libPods-PicBox.a in Frameworks */ = {isa = PBXBuildFile; fileRef = B219EDCCDE916F64FBD1C600 /* libPods-PicBox.a */; };
/* End PBXBuildFile section */

/* Begin PBXContainerItemProxy section */
		7D3203551CBFFEF900B3E391 /* PBXContainerItemProxy */ = {
			isa = PBXContainerItemProxy;
			containerPortal = 7D3203331CBFFEF900B3E391 /* Project object */;
			proxyType = 1;
			remoteGlobalIDString = 7D32033A1CBFFEF900B3E391;
			remoteInfo = PicBox;
		};
		7D3203601CBFFEF900B3E391 /* PBXContainerItemProxy */ = {
			isa = PBXContainerItemProxy;
			containerPortal = 7D3203331CBFFEF900B3E391 /* Project object */;
			proxyType = 1;
			remoteGlobalIDString = 7D32033A1CBFFEF900B3E391;
			remoteInfo = PicBox;
		};
/* End PBXContainerItemProxy section */

/* Begin PBXFileReference section */
		22D454A04C30E23FA7E6C71F /* Pods-PicBox.debug.xcconfig */ = {isa = PBXFileReference; includeInIndex = 1; lastKnownFileType = text.xcconfig; name = "Pods-PicBox.debug.xcconfig"; path = "Pods/Target Support Files/Pods-PicBox/Pods-PicBox.debug.xcconfig"; sourceTree = "<group>"; };
		7D003DF01CC4001F0028E7BA /* about-icon.png */ = {isa = PBXFileReference; lastKnownFileType = image.png; path = "about-icon.png"; sourceTree = "<group>"; };
		7D003DF11CC4001F0028E7BA /* about-icon@2x.png */ = {isa = PBXFileReference; lastKnownFileType = image.png; path = "about-icon@2x.png"; sourceTree = "<group>"; };
		7D003DF21CC4001F0028E7BA /* about-icon@3x.png */ = {isa = PBXFileReference; lastKnownFileType = image.png; path = "about-icon@3x.png"; sourceTree = "<group>"; };
		7D003DF31CC4001F0028E7BA /* settings-icon.png */ = {isa = PBXFileReference; lastKnownFileType = image.png; path = "settings-icon.png"; sourceTree = "<group>"; };
		7D003DF41CC4001F0028E7BA /* settings-icon@2x.png */ = {isa = PBXFileReference; lastKnownFileType = image.png; path = "settings-icon@2x.png"; sourceTree = "<group>"; };
		7D003DF51CC4001F0028E7BA /* settings-icon@3x.png */ = {isa = PBXFileReference; lastKnownFileType = image.png; path = "settings-icon@3x.png"; sourceTree = "<group>"; };
		7D003DFC1CC419F10028E7BA /* bio-photo.jpg */ = {isa = PBXFileReference; lastKnownFileType = image.jpeg; path = "bio-photo.jpg"; sourceTree = "<group>"; };
		7D003DFE1CC41BC90028E7BA /* Utility.h */ = {isa = PBXFileReference; fileEncoding = 4; lastKnownFileType = sourcecode.c.h; path = Utility.h; sourceTree = "<group>"; };
		7D003DFF1CC41BC90028E7BA /* Utility.m */ = {isa = PBXFileReference; fileEncoding = 4; lastKnownFileType = sourcecode.c.objc; path = Utility.m; sourceTree = "<group>"; };
		7D003E031CC4341F0028E7BA /* SettingsModel.h */ = {isa = PBXFileReference; fileEncoding = 4; lastKnownFileType = sourcecode.c.h; path = SettingsModel.h; sourceTree = "<group>"; };
		7D003E041CC4341F0028E7BA /* SettingsModel.m */ = {isa = PBXFileReference; fileEncoding = 4; lastKnownFileType = sourcecode.c.objc; path = SettingsModel.m; sourceTree = "<group>"; };
		7D003E061CC434520028E7BA /* UserDefaultBaseModel.h */ = {isa = PBXFileReference; fileEncoding = 4; lastKnownFileType = sourcecode.c.h; path = UserDefaultBaseModel.h; sourceTree = "<group>"; };
		7D003E071CC434520028E7BA /* UserDefaultBaseModel.m */ = {isa = PBXFileReference; fileEncoding = 4; lastKnownFileType = sourcecode.c.objc; path = UserDefaultBaseModel.m; sourceTree = "<group>"; };
		7D32033B1CBFFEF900B3E391 /* PicBox.app */ = {isa = PBXFileReference; explicitFileType = wrapper.application; includeInIndex = 0; path = PicBox.app; sourceTree = BUILT_PRODUCTS_DIR; };
		7D32033F1CBFFEF900B3E391 /* main.m */ = {isa = PBXFileReference; lastKnownFileType = sourcecode.c.objc; path = main.m; sourceTree = "<group>"; };
		7D3203411CBFFEF900B3E391 /* AppDelegate.h */ = {isa = PBXFileReference; lastKnownFileType = sourcecode.c.h; path = AppDelegate.h; sourceTree = "<group>"; };
		7D3203421CBFFEF900B3E391 /* AppDelegate.m */ = {isa = PBXFileReference; lastKnownFileType = sourcecode.c.objc; path = AppDelegate.m; sourceTree = "<group>"; };
		7D3203441CBFFEF900B3E391 /* HomeViewController.h */ = {isa = PBXFileReference; lastKnownFileType = sourcecode.c.h; name = HomeViewController.h; path = ../HomeViewController.h; sourceTree = "<group>"; };
		7D3203451CBFFEF900B3E391 /* HomeViewController.m */ = {isa = PBXFileReference; lastKnownFileType = sourcecode.c.objc; name = HomeViewController.m; path = ../HomeViewController.m; sourceTree = "<group>"; };
		7D3203481CBFFEF900B3E391 /* Base */ = {isa = PBXFileReference; lastKnownFileType = file.storyboard; name = Base; path = Base.lproj/Main.storyboard; sourceTree = "<group>"; };
		7D32034A1CBFFEF900B3E391 /* Assets.xcassets */ = {isa = PBXFileReference; lastKnownFileType = folder.assetcatalog; path = Assets.xcassets; sourceTree = "<group>"; };
		7D32034D1CBFFEF900B3E391 /* Base */ = {isa = PBXFileReference; lastKnownFileType = file.storyboard; name = Base; path = Base.lproj/LaunchScreen.storyboard; sourceTree = "<group>"; };
		7D32034F1CBFFEF900B3E391 /* Info.plist */ = {isa = PBXFileReference; lastKnownFileType = text.plist.xml; path = Info.plist; sourceTree = "<group>"; };
		7D3203541CBFFEF900B3E391 /* PicBoxTests.xctest */ = {isa = PBXFileReference; explicitFileType = wrapper.cfbundle; includeInIndex = 0; path = PicBoxTests.xctest; sourceTree = BUILT_PRODUCTS_DIR; };
		7D3203581CBFFEF900B3E391 /* PicBoxTests.m */ = {isa = PBXFileReference; lastKnownFileType = sourcecode.c.objc; path = PicBoxTests.m; sourceTree = "<group>"; };
		7D32035A1CBFFEF900B3E391 /* Info.plist */ = {isa = PBXFileReference; lastKnownFileType = text.plist.xml; path = Info.plist; sourceTree = "<group>"; };
		7D32035F1CBFFEF900B3E391 /* PicBoxUITests.xctest */ = {isa = PBXFileReference; explicitFileType = wrapper.cfbundle; includeInIndex = 0; path = PicBoxUITests.xctest; sourceTree = BUILT_PRODUCTS_DIR; };
		7D3203631CBFFEF900B3E391 /* PicBoxUITests.m */ = {isa = PBXFileReference; lastKnownFileType = sourcecode.c.objc; path = PicBoxUITests.m; sourceTree = "<group>"; };
		7D3203651CBFFEF900B3E391 /* Info.plist */ = {isa = PBXFileReference; lastKnownFileType = text.plist.xml; path = Info.plist; sourceTree = "<group>"; };
		7D3203721CC0182000B3E391 /* Constants.h */ = {isa = PBXFileReference; fileEncoding = 4; lastKnownFileType = sourcecode.c.h; path = Constants.h; sourceTree = "<group>"; };
		7D3203731CC0182000B3E391 /* Constants.m */ = {isa = PBXFileReference; fileEncoding = 4; lastKnownFileType = sourcecode.c.objc; path = Constants.m; sourceTree = "<group>"; };
		7D3B8C711CC249F0007EA5C5 /* AppTheme.h */ = {isa = PBXFileReference; fileEncoding = 4; lastKnownFileType = sourcecode.c.h; path = AppTheme.h; sourceTree = "<group>"; };
		7D3B8C721CC249F0007EA5C5 /* AppTheme.m */ = {isa = PBXFileReference; fileEncoding = 4; lastKnownFileType = sourcecode.c.objc; path = AppTheme.m; sourceTree = "<group>"; };
		7D3B8C731CC249F0007EA5C5 /* UIColor+Theme.h */ = {isa = PBXFileReference; fileEncoding = 4; lastKnownFileType = sourcecode.c.h; path = "UIColor+Theme.h"; sourceTree = "<group>"; };
		7D3B8C741CC249F0007EA5C5 /* UIColor+Theme.m */ = {isa = PBXFileReference; fileEncoding = 4; lastKnownFileType = sourcecode.c.objc; path = "UIColor+Theme.m"; sourceTree = "<group>"; };
		7D3B8C751CC249F0007EA5C5 /* UIFont+Theme.h */ = {isa = PBXFileReference; fileEncoding = 4; lastKnownFileType = sourcecode.c.h; path = "UIFont+Theme.h"; sourceTree = "<group>"; };
		7D3B8C761CC249F0007EA5C5 /* UIFont+Theme.m */ = {isa = PBXFileReference; fileEncoding = 4; lastKnownFileType = sourcecode.c.objc; path = "UIFont+Theme.m"; sourceTree = "<group>"; };
		7D3B8C841CC28588007EA5C5 /* SettingsTableViewController.h */ = {isa = PBXFileReference; fileEncoding = 4; lastKnownFileType = sourcecode.c.h; path = SettingsTableViewController.h; sourceTree = "<group>"; };
		7D3B8C851CC28588007EA5C5 /* SettingsTableViewController.m */ = {isa = PBXFileReference; fileEncoding = 4; lastKnownFileType = sourcecode.c.objc; path = SettingsTableViewController.m; sourceTree = "<group>"; };
		7D3B8C871CC28598007EA5C5 /* AboutTableViewController.h */ = {isa = PBXFileReference; fileEncoding = 4; lastKnownFileType = sourcecode.c.h; path = AboutTableViewController.h; sourceTree = "<group>"; };
		7D3B8C881CC28598007EA5C5 /* AboutTableViewController.m */ = {isa = PBXFileReference; fileEncoding = 4; lastKnownFileType = sourcecode.c.objc; path = AboutTableViewController.m; sourceTree = "<group>"; };
		7D3B8C8B1CC2C98E007EA5C5 /* gallery_icon.png */ = {isa = PBXFileReference; lastKnownFileType = image.png; path = gallery_icon.png; sourceTree = "<group>"; };
		7D3B8C8E1CC2D308007EA5C5 /* PicBoxCaptionView.h */ = {isa = PBXFileReference; fileEncoding = 4; lastKnownFileType = sourcecode.c.h; lineEnding = 0; path = PicBoxCaptionView.h; sourceTree = "<group>"; xcLanguageSpecificationIdentifier = xcode.lang.objcpp; };
		7D3B8C8F1CC2D308007EA5C5 /* PicBoxCaptionView.m */ = {isa = PBXFileReference; fileEncoding = 4; lastKnownFileType = sourcecode.c.objc; path = PicBoxCaptionView.m; sourceTree = "<group>"; };
		7D3B8C911CC2D369007EA5C5 /* PicBoxImage.h */ = {isa = PBXFileReference; fileEncoding = 4; lastKnownFileType = sourcecode.c.h; lineEnding = 0; path = PicBoxImage.h; sourceTree = "<group>"; xcLanguageSpecificationIdentifier = xcode.lang.objcpp; };
		7D3B8C921CC2D369007EA5C5 /* PicBoxImage.m */ = {isa = PBXFileReference; fileEncoding = 4; lastKnownFileType = sourcecode.c.objc; lineEnding = 0; path = PicBoxImage.m; sourceTree = "<group>"; xcLanguageSpecificationIdentifier = xcode.lang.objc; };
		7D3B8C941CC2D394007EA5C5 /* PicBoxImageBrowser.h */ = {isa = PBXFileReference; fileEncoding = 4; lastKnownFileType = sourcecode.c.h; lineEnding = 0; path = PicBoxImageBrowser.h; sourceTree = "<group>"; xcLanguageSpecificationIdentifier = xcode.lang.objcpp; };
		7D3B8C951CC2D394007EA5C5 /* PicBoxImageBrowser.m */ = {isa = PBXFileReference; fileEncoding = 4; lastKnownFileType = sourcecode.c.objc; path = PicBoxImageBrowser.m; sourceTree = "<group>"; };
		7D3B8C971CC2D3F2007EA5C5 /* PicBoxImageProtocol.h */ = {isa = PBXFileReference; lastKnownFileType = sourcecode.c.h; lineEnding = 0; path = PicBoxImageProtocol.h; sourceTree = "<group>"; xcLanguageSpecificationIdentifier = xcode.lang.objcpp; };
		7D3B8C981CC2D41C007EA5C5 /* PicBoxTapDetectingImageView.h */ = {isa = PBXFileReference; fileEncoding = 4; lastKnownFileType = sourcecode.c.h; path = PicBoxTapDetectingImageView.h; sourceTree = "<group>"; };
		7D3B8C991CC2D41C007EA5C5 /* PicBoxTapDetectingImageView.m */ = {isa = PBXFileReference; fileEncoding = 4; lastKnownFileType = sourcecode.c.objc; path = PicBoxTapDetectingImageView.m; sourceTree = "<group>"; };
		7D3B8C9B1CC2D446007EA5C5 /* PicBoxTapDetectingView.h */ = {isa = PBXFileReference; fileEncoding = 4; lastKnownFileType = sourcecode.c.h; path = PicBoxTapDetectingView.h; sourceTree = "<group>"; };
		7D3B8C9C1CC2D446007EA5C5 /* PicBoxTapDetectingView.m */ = {isa = PBXFileReference; fileEncoding = 4; lastKnownFileType = sourcecode.c.objc; path = PicBoxTapDetectingView.m; sourceTree = "<group>"; };
		7D3B8C9E1CC2D822007EA5C5 /* PicBoxZoomingScrollView.h */ = {isa = PBXFileReference; fileEncoding = 4; lastKnownFileType = sourcecode.c.h; path = PicBoxZoomingScrollView.h; sourceTree = "<group>"; };
		7D3B8C9F1CC2D822007EA5C5 /* PicBoxZoomingScrollView.m */ = {isa = PBXFileReference; fileEncoding = 4; lastKnownFileType = sourcecode.c.objc; path = PicBoxZoomingScrollView.m; sourceTree = "<group>"; };
		7D3B8CA11CC2F059007EA5C5 /* PicBoxImageBrowser_arrowLeft.png */ = {isa = PBXFileReference; lastKnownFileType = image.png; path = PicBoxImageBrowser_arrowLeft.png; sourceTree = "<group>"; };
		7D3B8CA21CC2F059007EA5C5 /* PicBoxImageBrowser_arrowLeft@2x.png */ = {isa = PBXFileReference; lastKnownFileType = image.png; path = "PicBoxImageBrowser_arrowLeft@2x.png"; sourceTree = "<group>"; };
		7D3B8CA31CC2F059007EA5C5 /* PicBoxImageBrowser_arrowRight.png */ = {isa = PBXFileReference; lastKnownFileType = image.png; path = PicBoxImageBrowser_arrowRight.png; sourceTree = "<group>"; };
		7D3B8CA41CC2F059007EA5C5 /* PicBoxImageBrowser_arrowRight@2x.png */ = {isa = PBXFileReference; lastKnownFileType = image.png; path = "PicBoxImageBrowser_arrowRight@2x.png"; sourceTree = "<group>"; };
		7D4070221CC671E300E55202 /* iTunesArtwork */ = {isa = PBXFileReference; lastKnownFileType = file; path = iTunesArtwork; sourceTree = "<group>"; };
		7D4070231CC671E300E55202 /* iTunesArtwork@2x */ = {isa = PBXFileReference; lastKnownFileType = file; path = "iTunesArtwork@2x"; sourceTree = "<group>"; };
		7D4070261CC67A9F00E55202 /* LaunchScreen.JPG */ = {isa = PBXFileReference; lastKnownFileType = image.jpeg; path = LaunchScreen.JPG; sourceTree = "<group>"; };
		B219EDCCDE916F64FBD1C600 /* libPods-PicBox.a */ = {isa = PBXFileReference; explicitFileType = archive.ar; includeInIndex = 0; path = "libPods-PicBox.a"; sourceTree = BUILT_PRODUCTS_DIR; };
		F4CE41B01105616403A8F46D /* Pods-PicBox.release.xcconfig */ = {isa = PBXFileReference; includeInIndex = 1; lastKnownFileType = text.xcconfig; name = "Pods-PicBox.release.xcconfig"; path = "Pods/Target Support Files/Pods-PicBox/Pods-PicBox.release.xcconfig"; sourceTree = "<group>"; };
/* End PBXFileReference section */

/* Begin PBXFrameworksBuildPhase section */
		7D3203381CBFFEF900B3E391 /* Frameworks */ = {
			isa = PBXFrameworksBuildPhase;
			buildActionMask = 2147483647;
			files = (
				A8F5DCBFB31B7712B52EEA22 /* libPods-PicBox.a in Frameworks */,
			);
			runOnlyForDeploymentPostprocessing = 0;
		};
		7D3203511CBFFEF900B3E391 /* Frameworks */ = {
			isa = PBXFrameworksBuildPhase;
			buildActionMask = 2147483647;
			files = (
			);
			runOnlyForDeploymentPostprocessing = 0;
		};
		7D32035C1CBFFEF900B3E391 /* Frameworks */ = {
			isa = PBXFrameworksBuildPhase;
			buildActionMask = 2147483647;
			files = (
			);
			runOnlyForDeploymentPostprocessing = 0;
		};
/* End PBXFrameworksBuildPhase section */

/* Begin PBXGroup section */
		34A303F66B23AAE0B5934627 /* Frameworks */ = {
			isa = PBXGroup;
			children = (
				B219EDCCDE916F64FBD1C600 /* libPods-PicBox.a */,
			);
			name = Frameworks;
			sourceTree = "<group>";
		};
		7D003E021CC434080028E7BA /* Model */ = {
			isa = PBXGroup;
			children = (
				7D003E031CC4341F0028E7BA /* SettingsModel.h */,
				7D003E041CC4341F0028E7BA /* SettingsModel.m */,
				7D003E061CC434520028E7BA /* UserDefaultBaseModel.h */,
				7D003E071CC434520028E7BA /* UserDefaultBaseModel.m */,
			);
			path = Model;
			sourceTree = "<group>";
		};
		7D3203321CBFFEF900B3E391 = {
			isa = PBXGroup;
			children = (
				7D32033D1CBFFEF900B3E391 /* PicBox */,
				7D3203571CBFFEF900B3E391 /* PicBoxTests */,
				7D3203621CBFFEF900B3E391 /* PicBoxUITests */,
				7D32033C1CBFFEF900B3E391 /* Products */,
				97AD4954881661A56D878F54 /* Pods */,
				34A303F66B23AAE0B5934627 /* Frameworks */,
			);
			sourceTree = "<group>";
		};
		7D32033C1CBFFEF900B3E391 /* Products */ = {
			isa = PBXGroup;
			children = (
				7D32033B1CBFFEF900B3E391 /* PicBox.app */,
				7D3203541CBFFEF900B3E391 /* PicBoxTests.xctest */,
				7D32035F1CBFFEF900B3E391 /* PicBoxUITests.xctest */,
			);
			name = Products;
			sourceTree = "<group>";
		};
		7D32033D1CBFFEF900B3E391 /* PicBox */ = {
			isa = PBXGroup;
			children = (
				7D003E021CC434080028E7BA /* Model */,
				7D3B8C8D1CC2D124007EA5C5 /* ImageBrowser */,
				7D3B8C8A1CC2C97E007EA5C5 /* Images */,
				7D3203711CC017F400B3E391 /* Extras */,
				7D3B8C701CC249F0007EA5C5 /* Theme */,
				7D3B8C801CC24A7A007EA5C5 /* Controllers */,
				7D3203411CBFFEF900B3E391 /* AppDelegate.h */,
				7D3203421CBFFEF900B3E391 /* AppDelegate.m */,
				7D3203471CBFFEF900B3E391 /* Main.storyboard */,
				7D32034A1CBFFEF900B3E391 /* Assets.xcassets */,
				7D4070221CC671E300E55202 /* iTunesArtwork */,
				7D4070231CC671E300E55202 /* iTunesArtwork@2x */,
				7D32034C1CBFFEF900B3E391 /* LaunchScreen.storyboard */,
				7D32034F1CBFFEF900B3E391 /* Info.plist */,
				7D32033E1CBFFEF900B3E391 /* Supporting Files */,
			);
			path = PicBox;
			sourceTree = "<group>";
		};
		7D32033E1CBFFEF900B3E391 /* Supporting Files */ = {
			isa = PBXGroup;
			children = (
				7D32033F1CBFFEF900B3E391 /* main.m */,
			);
			name = "Supporting Files";
			sourceTree = "<group>";
		};
		7D3203571CBFFEF900B3E391 /* PicBoxTests */ = {
			isa = PBXGroup;
			children = (
				7D3203581CBFFEF900B3E391 /* PicBoxTests.m */,
				7D32035A1CBFFEF900B3E391 /* Info.plist */,
			);
			path = PicBoxTests;
			sourceTree = "<group>";
		};
		7D3203621CBFFEF900B3E391 /* PicBoxUITests */ = {
			isa = PBXGroup;
			children = (
				7D3203631CBFFEF900B3E391 /* PicBoxUITests.m */,
				7D3203651CBFFEF900B3E391 /* Info.plist */,
			);
			path = PicBoxUITests;
			sourceTree = "<group>";
		};
		7D3203711CC017F400B3E391 /* Extras */ = {
			isa = PBXGroup;
			children = (
				7D3203721CC0182000B3E391 /* Constants.h */,
				7D3203731CC0182000B3E391 /* Constants.m */,
				7D003DFE1CC41BC90028E7BA /* Utility.h */,
				7D003DFF1CC41BC90028E7BA /* Utility.m */,
			);
			path = Extras;
			sourceTree = "<group>";
		};
		7D3B8C701CC249F0007EA5C5 /* Theme */ = {
			isa = PBXGroup;
			children = (
				7D3B8C711CC249F0007EA5C5 /* AppTheme.h */,
				7D3B8C721CC249F0007EA5C5 /* AppTheme.m */,
				7D3B8C731CC249F0007EA5C5 /* UIColor+Theme.h */,
				7D3B8C741CC249F0007EA5C5 /* UIColor+Theme.m */,
				7D3B8C751CC249F0007EA5C5 /* UIFont+Theme.h */,
				7D3B8C761CC249F0007EA5C5 /* UIFont+Theme.m */,
			);
			path = Theme;
			sourceTree = "<group>";
		};
		7D3B8C801CC24A7A007EA5C5 /* Controllers */ = {
			isa = PBXGroup;
			children = (
				7D3203441CBFFEF900B3E391 /* HomeViewController.h */,
				7D3203451CBFFEF900B3E391 /* HomeViewController.m */,
				7D3B8C841CC28588007EA5C5 /* SettingsTableViewController.h */,
				7D3B8C851CC28588007EA5C5 /* SettingsTableViewController.m */,
				7D3B8C871CC28598007EA5C5 /* AboutTableViewController.h */,
				7D3B8C881CC28598007EA5C5 /* AboutTableViewController.m */,
			);
			path = Controllers;
			sourceTree = "<group>";
		};
		7D3B8C8A1CC2C97E007EA5C5 /* Images */ = {
			isa = PBXGroup;
			children = (
				7D4070261CC67A9F00E55202 /* LaunchScreen.JPG */,
				7D3B8C8B1CC2C98E007EA5C5 /* gallery_icon.png */,
				7D3B8CA11CC2F059007EA5C5 /* PicBoxImageBrowser_arrowLeft.png */,
				7D3B8CA21CC2F059007EA5C5 /* PicBoxImageBrowser_arrowLeft@2x.png */,
				7D3B8CA31CC2F059007EA5C5 /* PicBoxImageBrowser_arrowRight.png */,
				7D3B8CA41CC2F059007EA5C5 /* PicBoxImageBrowser_arrowRight@2x.png */,
				7D003DF01CC4001F0028E7BA /* about-icon.png */,
				7D003DF11CC4001F0028E7BA /* about-icon@2x.png */,
				7D003DF21CC4001F0028E7BA /* about-icon@3x.png */,
				7D003DF31CC4001F0028E7BA /* settings-icon.png */,
				7D003DF41CC4001F0028E7BA /* settings-icon@2x.png */,
				7D003DF51CC4001F0028E7BA /* settings-icon@3x.png */,
				7D003DFC1CC419F10028E7BA /* bio-photo.jpg */,
			);
			path = Images;
			sourceTree = "<group>";
		};
		7D3B8C8D1CC2D124007EA5C5 /* ImageBrowser */ = {
			isa = PBXGroup;
			children = (
				7D3B8C8E1CC2D308007EA5C5 /* PicBoxCaptionView.h */,
				7D3B8C8F1CC2D308007EA5C5 /* PicBoxCaptionView.m */,
				7D3B8C911CC2D369007EA5C5 /* PicBoxImage.h */,
				7D3B8C921CC2D369007EA5C5 /* PicBoxImage.m */,
				7D3B8C941CC2D394007EA5C5 /* PicBoxImageBrowser.h */,
				7D3B8C951CC2D394007EA5C5 /* PicBoxImageBrowser.m */,
				7D3B8C971CC2D3F2007EA5C5 /* PicBoxImageProtocol.h */,
				7D3B8C981CC2D41C007EA5C5 /* PicBoxTapDetectingImageView.h */,
				7D3B8C991CC2D41C007EA5C5 /* PicBoxTapDetectingImageView.m */,
				7D3B8C9B1CC2D446007EA5C5 /* PicBoxTapDetectingView.h */,
				7D3B8C9C1CC2D446007EA5C5 /* PicBoxTapDetectingView.m */,
				7D3B8C9E1CC2D822007EA5C5 /* PicBoxZoomingScrollView.h */,
				7D3B8C9F1CC2D822007EA5C5 /* PicBoxZoomingScrollView.m */,
			);
			path = ImageBrowser;
			sourceTree = "<group>";
		};
		97AD4954881661A56D878F54 /* Pods */ = {
			isa = PBXGroup;
			children = (
				22D454A04C30E23FA7E6C71F /* Pods-PicBox.debug.xcconfig */,
				F4CE41B01105616403A8F46D /* Pods-PicBox.release.xcconfig */,
			);
			name = Pods;
			sourceTree = "<group>";
		};
/* End PBXGroup section */

/* Begin PBXNativeTarget section */
		7D32033A1CBFFEF900B3E391 /* PicBox */ = {
			isa = PBXNativeTarget;
			buildConfigurationList = 7D3203681CBFFEF900B3E391 /* Build configuration list for PBXNativeTarget "PicBox" */;
			buildPhases = (
				A5143FAA48D73C8240D066D8 /* 📦 Check Pods Manifest.lock */,
				7D3203371CBFFEF900B3E391 /* Sources */,
				7D3203381CBFFEF900B3E391 /* Frameworks */,
				7D3203391CBFFEF900B3E391 /* Resources */,
				349E84A4C756A87C2AC8DC16 /* 📦 Embed Pods Frameworks */,
				7EE716AAF32454DE589B0410 /* 📦 Copy Pods Resources */,
				7D003E011CC424600028E7BA /* Run Script Build Date */,
			);
			buildRules = (
			);
			dependencies = (
			);
			name = PicBox;
			productName = PicBox;
			productReference = 7D32033B1CBFFEF900B3E391 /* PicBox.app */;
			productType = "com.apple.product-type.application";
		};
		7D3203531CBFFEF900B3E391 /* PicBoxTests */ = {
			isa = PBXNativeTarget;
			buildConfigurationList = 7D32036B1CBFFEF900B3E391 /* Build configuration list for PBXNativeTarget "PicBoxTests" */;
			buildPhases = (
				7D3203501CBFFEF900B3E391 /* Sources */,
				7D3203511CBFFEF900B3E391 /* Frameworks */,
				7D3203521CBFFEF900B3E391 /* Resources */,
			);
			buildRules = (
			);
			dependencies = (
				7D3203561CBFFEF900B3E391 /* PBXTargetDependency */,
			);
			name = PicBoxTests;
			productName = PicBoxTests;
			productReference = 7D3203541CBFFEF900B3E391 /* PicBoxTests.xctest */;
			productType = "com.apple.product-type.bundle.unit-test";
		};
		7D32035E1CBFFEF900B3E391 /* PicBoxUITests */ = {
			isa = PBXNativeTarget;
			buildConfigurationList = 7D32036E1CBFFEF900B3E391 /* Build configuration list for PBXNativeTarget "PicBoxUITests" */;
			buildPhases = (
				7D32035B1CBFFEF900B3E391 /* Sources */,
				7D32035C1CBFFEF900B3E391 /* Frameworks */,
				7D32035D1CBFFEF900B3E391 /* Resources */,
			);
			buildRules = (
			);
			dependencies = (
				7D3203611CBFFEF900B3E391 /* PBXTargetDependency */,
			);
			name = PicBoxUITests;
			productName = PicBoxUITests;
			productReference = 7D32035F1CBFFEF900B3E391 /* PicBoxUITests.xctest */;
			productType = "com.apple.product-type.bundle.ui-testing";
		};
/* End PBXNativeTarget section */

/* Begin PBXProject section */
		7D3203331CBFFEF900B3E391 /* Project object */ = {
			isa = PBXProject;
			attributes = {
				LastUpgradeCheck = 0730;
				ORGANIZATIONNAME = "Nabeel Arif";
				TargetAttributes = {
					7D32033A1CBFFEF900B3E391 = {
						CreatedOnToolsVersion = 7.3;
						DevelopmentTeam = 9FH974544H;
					};
					7D3203531CBFFEF900B3E391 = {
						CreatedOnToolsVersion = 7.3;
						TestTargetID = 7D32033A1CBFFEF900B3E391;
					};
					7D32035E1CBFFEF900B3E391 = {
						CreatedOnToolsVersion = 7.3;
						TestTargetID = 7D32033A1CBFFEF900B3E391;
					};
				};
			};
			buildConfigurationList = 7D3203361CBFFEF900B3E391 /* Build configuration list for PBXProject "PicBox" */;
			compatibilityVersion = "Xcode 3.2";
			developmentRegion = English;
			hasScannedForEncodings = 0;
			knownRegions = (
				en,
				Base,
			);
			mainGroup = 7D3203321CBFFEF900B3E391;
			productRefGroup = 7D32033C1CBFFEF900B3E391 /* Products */;
			projectDirPath = "";
			projectRoot = "";
			targets = (
				7D32033A1CBFFEF900B3E391 /* PicBox */,
				7D3203531CBFFEF900B3E391 /* PicBoxTests */,
				7D32035E1CBFFEF900B3E391 /* PicBoxUITests */,
			);
		};
/* End PBXProject section */

/* Begin PBXResourcesBuildPhase section */
		7D3203391CBFFEF900B3E391 /* Resources */ = {
			isa = PBXResourcesBuildPhase;
			buildActionMask = 2147483647;
			files = (
				7D3B8CA61CC2F059007EA5C5 /* PicBoxImageBrowser_arrowLeft@2x.png in Resources */,
				7D3B8CA71CC2F059007EA5C5 /* PicBoxImageBrowser_arrowRight.png in Resources */,
				7D003DFA1CC4001F0028E7BA /* settings-icon@2x.png in Resources */,
				7D003DF61CC4001F0028E7BA /* about-icon.png in Resources */,
				7D4070271CC67A9F00E55202 /* LaunchScreen.JPG in Resources */,
				7D4070251CC671E300E55202 /* iTunesArtwork@2x in Resources */,
				7D003DF91CC4001F0028E7BA /* settings-icon.png in Resources */,
				7D003DFB1CC4001F0028E7BA /* settings-icon@3x.png in Resources */,
				7D4070241CC671E300E55202 /* iTunesArtwork in Resources */,
				7D32034E1CBFFEF900B3E391 /* LaunchScreen.storyboard in Resources */,
				7D003DF71CC4001F0028E7BA /* about-icon@2x.png in Resources */,
				7D32034B1CBFFEF900B3E391 /* Assets.xcassets in Resources */,
				7D3B8C8C1CC2C98E007EA5C5 /* gallery_icon.png in Resources */,
				7D003DF81CC4001F0028E7BA /* about-icon@3x.png in Resources */,
				7D3B8CA81CC2F059007EA5C5 /* PicBoxImageBrowser_arrowRight@2x.png in Resources */,
				7D003DFD1CC419F10028E7BA /* bio-photo.jpg in Resources */,
				7D3203491CBFFEF900B3E391 /* Main.storyboard in Resources */,
				7D3B8CA51CC2F059007EA5C5 /* PicBoxImageBrowser_arrowLeft.png in Resources */,
			);
			runOnlyForDeploymentPostprocessing = 0;
		};
		7D3203521CBFFEF900B3E391 /* Resources */ = {
			isa = PBXResourcesBuildPhase;
			buildActionMask = 2147483647;
			files = (
			);
			runOnlyForDeploymentPostprocessing = 0;
		};
		7D32035D1CBFFEF900B3E391 /* Resources */ = {
			isa = PBXResourcesBuildPhase;
			buildActionMask = 2147483647;
			files = (
			);
			runOnlyForDeploymentPostprocessing = 0;
		};
/* End PBXResourcesBuildPhase section */

/* Begin PBXShellScriptBuildPhase section */
		349E84A4C756A87C2AC8DC16 /* 📦 Embed Pods Frameworks */ = {
			isa = PBXShellScriptBuildPhase;
			buildActionMask = 2147483647;
			files = (
			);
			inputPaths = (
			);
			name = "📦 Embed Pods Frameworks";
			outputPaths = (
			);
			runOnlyForDeploymentPostprocessing = 0;
			shellPath = /bin/sh;
			shellScript = "\"${SRCROOT}/Pods/Target Support Files/Pods-PicBox/Pods-PicBox-frameworks.sh\"\n";
			showEnvVarsInLog = 0;
		};
		7D003E011CC424600028E7BA /* Run Script Build Date */ = {
			isa = PBXShellScriptBuildPhase;
			buildActionMask = 2147483647;
			files = (
			);
			inputPaths = (
			);
			name = "Run Script Build Date";
			outputPaths = (
			);
			runOnlyForDeploymentPostprocessing = 0;
			shellPath = /bin/sh;
			shellScript = "# Auto Increment Version Script\nbuildPlist=\"Info.plist\"\nCFBuildDate=$(date +\"%b %d %Y %T %z\")\n/usr/libexec/PlistBuddy -c \"Set :CFBuildDate $CFBuildDate\" \"${PROJECT_DIR}/${INFOPLIST_FILE}\"";
		};
		7EE716AAF32454DE589B0410 /* 📦 Copy Pods Resources */ = {
			isa = PBXShellScriptBuildPhase;
			buildActionMask = 2147483647;
			files = (
			);
			inputPaths = (
			);
			name = "📦 Copy Pods Resources";
			outputPaths = (
			);
			runOnlyForDeploymentPostprocessing = 0;
			shellPath = /bin/sh;
			shellScript = "\"${SRCROOT}/Pods/Target Support Files/Pods-PicBox/Pods-PicBox-resources.sh\"\n";
			showEnvVarsInLog = 0;
		};
		A5143FAA48D73C8240D066D8 /* 📦 Check Pods Manifest.lock */ = {
			isa = PBXShellScriptBuildPhase;
			buildActionMask = 2147483647;
			files = (
			);
			inputPaths = (
			);
			name = "📦 Check Pods Manifest.lock";
			outputPaths = (
			);
			runOnlyForDeploymentPostprocessing = 0;
			shellPath = /bin/sh;
			shellScript = "diff \"${PODS_ROOT}/../Podfile.lock\" \"${PODS_ROOT}/Manifest.lock\" > /dev/null\nif [[ $? != 0 ]] ; then\n    cat << EOM\nerror: The sandbox is not in sync with the Podfile.lock. Run 'pod install' or update your CocoaPods installation.\nEOM\n    exit 1\nfi\n";
			showEnvVarsInLog = 0;
		};
/* End PBXShellScriptBuildPhase section */

/* Begin PBXSourcesBuildPhase section */
		7D3203371CBFFEF900B3E391 /* Sources */ = {
			isa = PBXSourcesBuildPhase;
			buildActionMask = 2147483647;
			files = (
				7D3203461CBFFEF900B3E391 /* HomeViewController.m in Sources */,
				7D003E051CC4341F0028E7BA /* SettingsModel.m in Sources */,
				7D3B8C781CC249F0007EA5C5 /* UIColor+Theme.m in Sources */,
				7D3B8C961CC2D394007EA5C5 /* PicBoxImageBrowser.m in Sources */,
				7D3B8C861CC28588007EA5C5 /* SettingsTableViewController.m in Sources */,
				7D3203431CBFFEF900B3E391 /* AppDelegate.m in Sources */,
				7D3B8C931CC2D369007EA5C5 /* PicBoxImage.m in Sources */,
				7D3B8CA01CC2D822007EA5C5 /* PicBoxZoomingScrollView.m in Sources */,
				7D3B8C891CC28598007EA5C5 /* AboutTableViewController.m in Sources */,
				7D003E001CC41BC90028E7BA /* Utility.m in Sources */,
				7D3203401CBFFEF900B3E391 /* main.m in Sources */,
				7D3B8C9D1CC2D446007EA5C5 /* PicBoxTapDetectingView.m in Sources */,
				7D3B8C791CC249F0007EA5C5 /* UIFont+Theme.m in Sources */,
				7D3B8C771CC249F0007EA5C5 /* AppTheme.m in Sources */,
				7D3B8C901CC2D308007EA5C5 /* PicBoxCaptionView.m in Sources */,
				7D3B8C9A1CC2D41C007EA5C5 /* PicBoxTapDetectingImageView.m in Sources */,
				7D3203741CC0182000B3E391 /* Constants.m in Sources */,
				7D003E081CC434520028E7BA /* UserDefaultBaseModel.m in Sources */,
			);
			runOnlyForDeploymentPostprocessing = 0;
		};
		7D3203501CBFFEF900B3E391 /* Sources */ = {
			isa = PBXSourcesBuildPhase;
			buildActionMask = 2147483647;
			files = (
				7D3203591CBFFEF900B3E391 /* PicBoxTests.m in Sources */,
			);
			runOnlyForDeploymentPostprocessing = 0;
		};
		7D32035B1CBFFEF900B3E391 /* Sources */ = {
			isa = PBXSourcesBuildPhase;
			buildActionMask = 2147483647;
			files = (
				7D40704B1CC6A03600E55202 /* SettingsModel.m in Sources */,
				7D40704D1CC6A07500E55202 /* UserDefaultBaseModel.m in Sources */,
				7D3203641CBFFEF900B3E391 /* PicBoxUITests.m in Sources */,
				7D40704C1CC6A06200E55202 /* Constants.m in Sources */,
			);
			runOnlyForDeploymentPostprocessing = 0;
		};
/* End PBXSourcesBuildPhase section */

/* Begin PBXTargetDependency section */
		7D3203561CBFFEF900B3E391 /* PBXTargetDependency */ = {
			isa = PBXTargetDependency;
			target = 7D32033A1CBFFEF900B3E391 /* PicBox */;
			targetProxy = 7D3203551CBFFEF900B3E391 /* PBXContainerItemProxy */;
		};
		7D3203611CBFFEF900B3E391 /* PBXTargetDependency */ = {
			isa = PBXTargetDependency;
			target = 7D32033A1CBFFEF900B3E391 /* PicBox */;
			targetProxy = 7D3203601CBFFEF900B3E391 /* PBXContainerItemProxy */;
		};
/* End PBXTargetDependency section */

/* Begin PBXVariantGroup section */
		7D3203471CBFFEF900B3E391 /* Main.storyboard */ = {
			isa = PBXVariantGroup;
			children = (
				7D3203481CBFFEF900B3E391 /* Base */,
			);
			name = Main.storyboard;
			sourceTree = "<group>";
		};
		7D32034C1CBFFEF900B3E391 /* LaunchScreen.storyboard */ = {
			isa = PBXVariantGroup;
			children = (
				7D32034D1CBFFEF900B3E391 /* Base */,
			);
			name = LaunchScreen.storyboard;
			sourceTree = "<group>";
		};
/* End PBXVariantGroup section */

/* Begin XCBuildConfiguration section */
		7D3203661CBFFEF900B3E391 /* Debug */ = {
			isa = XCBuildConfiguration;
			buildSettings = {
				ALWAYS_SEARCH_USER_PATHS = NO;
				CLANG_ANALYZER_NONNULL = YES;
				CLANG_CXX_LANGUAGE_STANDARD = "gnu++0x";
				CLANG_CXX_LIBRARY = "libc++";
				CLANG_ENABLE_MODULES = YES;
				CLANG_ENABLE_OBJC_ARC = YES;
				CLANG_WARN_BOOL_CONVERSION = YES;
				CLANG_WARN_CONSTANT_CONVERSION = YES;
				CLANG_WARN_DIRECT_OBJC_ISA_USAGE = YES_ERROR;
				CLANG_WARN_EMPTY_BODY = YES;
				CLANG_WARN_ENUM_CONVERSION = YES;
				CLANG_WARN_INT_CONVERSION = YES;
				CLANG_WARN_OBJC_ROOT_CLASS = YES_ERROR;
				CLANG_WARN_UNREACHABLE_CODE = YES;
				CLANG_WARN__DUPLICATE_METHOD_MATCH = YES;
				"CODE_SIGN_IDENTITY[sdk=iphoneos*]" = "iPhone Developer";
				COPY_PHASE_STRIP = NO;
				DEBUG_INFORMATION_FORMAT = dwarf;
				ENABLE_STRICT_OBJC_MSGSEND = YES;
				ENABLE_TESTABILITY = YES;
				GCC_C_LANGUAGE_STANDARD = gnu99;
				GCC_DYNAMIC_NO_PIC = NO;
				GCC_NO_COMMON_BLOCKS = YES;
				GCC_OPTIMIZATION_LEVEL = 0;
				GCC_PREPROCESSOR_DEFINITIONS = (
					"DEBUG=1",
					"$(inherited)",
				);
				GCC_WARN_64_TO_32_BIT_CONVERSION = YES;
				GCC_WARN_ABOUT_RETURN_TYPE = YES_ERROR;
				GCC_WARN_UNDECLARED_SELECTOR = YES;
				GCC_WARN_UNINITIALIZED_AUTOS = YES_AGGRESSIVE;
				GCC_WARN_UNUSED_FUNCTION = YES;
				GCC_WARN_UNUSED_VARIABLE = YES;
				IPHONEOS_DEPLOYMENT_TARGET = 9.3;
				MTL_ENABLE_DEBUG_INFO = YES;
				ONLY_ACTIVE_ARCH = YES;
				SDKROOT = iphoneos;
			};
			name = Debug;
		};
		7D3203671CBFFEF900B3E391 /* Release */ = {
			isa = XCBuildConfiguration;
			buildSettings = {
				ALWAYS_SEARCH_USER_PATHS = NO;
				CLANG_ANALYZER_NONNULL = YES;
				CLANG_CXX_LANGUAGE_STANDARD = "gnu++0x";
				CLANG_CXX_LIBRARY = "libc++";
				CLANG_ENABLE_MODULES = YES;
				CLANG_ENABLE_OBJC_ARC = YES;
				CLANG_WARN_BOOL_CONVERSION = YES;
				CLANG_WARN_CONSTANT_CONVERSION = YES;
				CLANG_WARN_DIRECT_OBJC_ISA_USAGE = YES_ERROR;
				CLANG_WARN_EMPTY_BODY = YES;
				CLANG_WARN_ENUM_CONVERSION = YES;
				CLANG_WARN_INT_CONVERSION = YES;
				CLANG_WARN_OBJC_ROOT_CLASS = YES_ERROR;
				CLANG_WARN_UNREACHABLE_CODE = YES;
				CLANG_WARN__DUPLICATE_METHOD_MATCH = YES;
				"CODE_SIGN_IDENTITY[sdk=iphoneos*]" = "iPhone Developer";
				COPY_PHASE_STRIP = NO;
				DEBUG_INFORMATION_FORMAT = "dwarf-with-dsym";
				ENABLE_NS_ASSERTIONS = NO;
				ENABLE_STRICT_OBJC_MSGSEND = YES;
				GCC_C_LANGUAGE_STANDARD = gnu99;
				GCC_NO_COMMON_BLOCKS = YES;
				GCC_WARN_64_TO_32_BIT_CONVERSION = YES;
				GCC_WARN_ABOUT_RETURN_TYPE = YES_ERROR;
				GCC_WARN_UNDECLARED_SELECTOR = YES;
				GCC_WARN_UNINITIALIZED_AUTOS = YES_AGGRESSIVE;
				GCC_WARN_UNUSED_FUNCTION = YES;
				GCC_WARN_UNUSED_VARIABLE = YES;
				IPHONEOS_DEPLOYMENT_TARGET = 9.3;
				MTL_ENABLE_DEBUG_INFO = NO;
				SDKROOT = iphoneos;
				VALIDATE_PRODUCT = YES;
			};
			name = Release;
		};
		7D3203691CBFFEF900B3E391 /* Debug */ = {
			isa = XCBuildConfiguration;
			baseConfigurationReference = 22D454A04C30E23FA7E6C71F /* Pods-PicBox.debug.xcconfig */;
			buildSettings = {
				ASSETCATALOG_COMPILER_APPICON_NAME = AppIcon;
				CODE_SIGN_IDENTITY = "iPhone Developer";
				INFOPLIST_FILE = PicBox/Info.plist;
				IPHONEOS_DEPLOYMENT_TARGET = 8.0;
				LD_RUNPATH_SEARCH_PATHS = "$(inherited) @executable_path/Frameworks";
				PRODUCT_BUNDLE_IDENTIFIER = com.nabeelarif.PicBox;
				PRODUCT_NAME = "$(TARGET_NAME)";
				TARGETED_DEVICE_FAMILY = "1,2";
			};
			name = Debug;
		};
		7D32036A1CBFFEF900B3E391 /* Release */ = {
			isa = XCBuildConfiguration;
			baseConfigurationReference = F4CE41B01105616403A8F46D /* Pods-PicBox.release.xcconfig */;
			buildSettings = {
				ASSETCATALOG_COMPILER_APPICON_NAME = AppIcon;
				CODE_SIGN_IDENTITY = "iPhone Developer";
				INFOPLIST_FILE = PicBox/Info.plist;
				IPHONEOS_DEPLOYMENT_TARGET = 8.0;
				LD_RUNPATH_SEARCH_PATHS = "$(inherited) @executable_path/Frameworks";
				PRODUCT_BUNDLE_IDENTIFIER = com.nabeelarif.PicBox;
				PRODUCT_NAME = "$(TARGET_NAME)";
				TARGETED_DEVICE_FAMILY = "1,2";
			};
			name = Release;
		};
		7D32036C1CBFFEF900B3E391 /* Debug */ = {
			isa = XCBuildConfiguration;
			buildSettings = {
				BUNDLE_LOADER = "$(TEST_HOST)";
				INFOPLIST_FILE = PicBoxTests/Info.plist;
				LD_RUNPATH_SEARCH_PATHS = "$(inherited) @executable_path/Frameworks @loader_path/Frameworks";
				PRODUCT_BUNDLE_IDENTIFIER = com.nabeelarif.PicBoxTests;
				PRODUCT_NAME = "$(TARGET_NAME)";
				TEST_HOST = "$(BUILT_PRODUCTS_DIR)/PicBox.app/PicBox";
			};
			name = Debug;
		};
		7D32036D1CBFFEF900B3E391 /* Release */ = {
			isa = XCBuildConfiguration;
			buildSettings = {
				BUNDLE_LOADER = "$(TEST_HOST)";
				INFOPLIST_FILE = PicBoxTests/Info.plist;
				LD_RUNPATH_SEARCH_PATHS = "$(inherited) @executable_path/Frameworks @loader_path/Frameworks";
				PRODUCT_BUNDLE_IDENTIFIER = com.nabeelarif.PicBoxTests;
				PRODUCT_NAME = "$(TARGET_NAME)";
				TEST_HOST = "$(BUILT_PRODUCTS_DIR)/PicBox.app/PicBox";
			};
			name = Release;
		};
		7D32036F1CBFFEF900B3E391 /* Debug */ = {
			isa = XCBuildConfiguration;
			buildSettings = {
				INFOPLIST_FILE = PicBoxUITests/Info.plist;
				LD_RUNPATH_SEARCH_PATHS = "$(inherited) @executable_path/Frameworks @loader_path/Frameworks";
				PRODUCT_BUNDLE_IDENTIFIER = com.nabeelarif.PicBoxUITests;
				PRODUCT_NAME = "$(TARGET_NAME)";
				TEST_TARGET_NAME = PicBox;
			};
			name = Debug;
		};
		7D3203701CBFFEF900B3E391 /* Release */ = {
			isa = XCBuildConfiguration;
			buildSettings = {
				INFOPLIST_FILE = PicBoxUITests/Info.plist;
				LD_RUNPATH_SEARCH_PATHS = "$(inherited) @executable_path/Frameworks @loader_path/Frameworks";
				PRODUCT_BUNDLE_IDENTIFIER = com.nabeelarif.PicBoxUITests;
				PRODUCT_NAME = "$(TARGET_NAME)";
				TEST_TARGET_NAME = PicBox;
			};
			name = Release;
		};
/* End XCBuildConfiguration section */

/* Begin XCConfigurationList section */
		7D3203361CBFFEF900B3E391 /* Build configuration list for PBXProject "PicBox" */ = {
			isa = XCConfigurationList;
			buildConfigurations = (
				7D3203661CBFFEF900B3E391 /* Debug */,
				7D3203671CBFFEF900B3E391 /* Release */,
			);
			defaultConfigurationIsVisible = 0;
			defaultConfigurationName = Release;
		};
		7D3203681CBFFEF900B3E391 /* Build configuration list for PBXNativeTarget "PicBox" */ = {
			isa = XCConfigurationList;
			buildConfigurations = (
				7D3203691CBFFEF900B3E391 /* Debug */,
				7D32036A1CBFFEF900B3E391 /* Release */,
			);
			defaultConfigurationIsVisible = 0;
			defaultConfigurationName = Release;
		};
		7D32036B1CBFFEF900B3E391 /* Build configuration list for PBXNativeTarget "PicBoxTests" */ = {
			isa = XCConfigurationList;
			buildConfigurations = (
				7D32036C1CBFFEF900B3E391 /* Debug */,
				7D32036D1CBFFEF900B3E391 /* Release */,
			);
			defaultConfigurationIsVisible = 0;
			defaultConfigurationName = Release;
		};
		7D32036E1CBFFEF900B3E391 /* Build configuration list for PBXNativeTarget "PicBoxUITests" */ = {
			isa = XCConfigurationList;
			buildConfigurations = (
				7D32036F1CBFFEF900B3E391 /* Debug */,
				7D3203701CBFFEF900B3E391 /* Release */,
			);
			defaultConfigurationIsVisible = 0;
			defaultConfigurationName = Release;
		};
/* End XCConfigurationList section */
	};
	rootObject = 7D3203331CBFFEF900B3E391 /* Project object */;
}
